
Microsoft Visual Studio Solution File, Format Version 12.00
# Visual Studio Version 17
VisualStudioVersion = 17.4.33213.308
MinimumVisualStudioVersion = 10.0.40219.1
Project("{FAE04EC0-301F-11D3-BF4B-00C04F79EFBC}") = "ElibraryManagment", "ElibraryManagment\ElibraryManagment.csproj", "{CF3F2469-F2C5-46D7-AC76-6635999F12E4}"
EndProject
Global
	GlobalSection(SolutionConfigurationPlatforms) = preSolution
		Debug|Any CPU = Debug|Any CPU
		Release|Any CPU = Release|Any CPU
	EndGlobalSection
	GlobalSection(ProjectConfigurationPlatforms) = postSolution
		{CF3F2469-F2C5-46D7-AC76-6635999F12E4}.Debug|Any CPU.ActiveCfg = Debug|Any CPU
		{CF3F2469-F2C5-46D7-AC76-6635999F12E4}.Debug|Any CPU.Build.0 = Debug|Any CPU
		{CF3F2469-F2C5-46D7-AC76-6635999F12E4}.Release|Any CPU.ActiveCfg = Release|Any CPU
		{CF3F2469-F2C5-46D7-AC76-6635999F12E4}.Release|Any CPU.Build.0 = Release|Any CPU
	EndGlobalSection
	GlobalSection(SolutionProperties) = preSolution
		HideSolutionNode = FALSE
	EndGlobalSection
	GlobalSection(ExtensibilityGlobals) = postSolution
		SolutionGuid = {D41529EE-F72E-4443-8F54-F643EB6396F6}
	EndGlobalSection
EndGlobal
